
Microsoft Visual Studio Solution File, Format Version 12.00
# Visual Studio Version 17
VisualStudioVersion = 17.10.34928.147
MinimumVisualStudioVersion = 10.0.40219.1
Project("{FAE04EC0-301F-11D3-BF4B-00C04F79EFBC}") = "Ejercicio CRUD Mvvm 2", "Ejercicio CRUD Mvvm 2\Ejercicio CRUD Mvvm 2.csproj", "{7846FDC3-EF04-43EE-9FE0-1D8F79C5A8E4}"
EndProject
Global
	GlobalSection(SolutionConfigurationPlatforms) = preSolution
		Debug|Any CPU = Debug|Any CPU
		Release|Any CPU = Release|Any CPU
	EndGlobalSection
	GlobalSection(ProjectConfigurationPlatforms) = postSolution
		{7846FDC3-EF04-43EE-9FE0-1D8F79C5A8E4}.Debug|Any CPU.ActiveCfg = Debug|Any CPU
		{7846FDC3-EF04-43EE-9FE0-1D8F79C5A8E4}.Debug|Any CPU.Build.0 = Debug|Any CPU
		{7846FDC3-EF04-43EE-9FE0-1D8F79C5A8E4}.Debug|Any CPU.Deploy.0 = Debug|Any CPU
		{7846FDC3-EF04-43EE-9FE0-1D8F79C5A8E4}.Release|Any CPU.ActiveCfg = Release|Any CPU
		{7846FDC3-EF04-43EE-9FE0-1D8F79C5A8E4}.Release|Any CPU.Build.0 = Release|Any CPU
		{7846FDC3-EF04-43EE-9FE0-1D8F79C5A8E4}.Release|Any CPU.Deploy.0 = Release|Any CPU
	EndGlobalSection
	GlobalSection(SolutionProperties) = preSolution
		HideSolutionNode = FALSE
	EndGlobalSection
	GlobalSection(ExtensibilityGlobals) = postSolution
		SolutionGuid = {4354B4E2-7894-4951-90B7-1B2667D0ED93}
	EndGlobalSection
EndGlobal
